{
    "version": 3,
    "terraform_version": "0.11.13",
    "serial": 5,
    "lineage": "9f394d77-2d5f-3ecb-f020-bd772de74400",
    "modules": [
        {
            "path": [
                "root"
            ],
            "outputs": {},
            "resources": {
                "docker_image.mysql_image": {
                    "type": "docker_image",
                    "depends_on": [],
                    "primary": {
                        "id": "sha256:4d1bf91a2e39fa905cac5760f848bca9a6b36b1b76f59267480ea9b7682fa0b8mysql:5.7",
                        "attributes": {
                            "id": "sha256:4d1bf91a2e39fa905cac5760f848bca9a6b36b1b76f59267480ea9b7682fa0b8mysql:5.7",
                            "latest": "sha256:4d1bf91a2e39fa905cac5760f848bca9a6b36b1b76f59267480ea9b7682fa0b8",
                            "name": "mysql:5.7"
                        },
                        "meta": {},
                        "tainted": false
                    },
                    "deposed": [],
                    "provider": "provider.docker"
                },
                "docker_volume.mysql_data_volume": {
                    "type": "docker_volume",
                    "depends_on": [],
                    "primary": {
                        "id": "mysql_data",
                        "attributes": {
                            "driver": "local",
                            "driver_opts.%": "0",
                            "id": "mysql_data",
                            "labels.#": "0",
                            "mountpoint": "/var/lib/docker/volumes/mysql_data/_data",
                            "name": "mysql_data"
                        },
                        "meta": {
                            "schema_version": "1"
                        },
                        "tainted": false
                    },
                    "deposed": [],
                    "provider": "provider.docker"
                }
            },
            "depends_on": []
        }
    ]
}
