{
    "version": 3,
    "terraform_version": "0.11.13",
    "serial": 17,
    "lineage": "d67c606c-eb09-909b-52cb-dace048fb71c",
    "modules": [
        {
            "path": [
                "root"
            ],
            "outputs": {},
            "resources": {
                "docker_container.blog_container": {
                    "type": "docker_container",
                    "depends_on": [
                        "docker_container.mysql_container",
                        "docker_image.ghost_image",
                        "docker_network.private_bridge_network",
                        "docker_network.public_bridge_network",
                        "null_resource.sleep"
                    ],
                    "primary": {
                        "id": "eba6d332e7e883ce28fe420b1a124c6dfbe0fba52ab3bf39298810cde3c4bfcc",
                        "attributes": {
                            "attach": "false",
                            "bridge": "",
                            "command.#": "2",
                            "command.0": "node",
                            "command.1": "current/index.js",
                            "cpu_set": "",
                            "cpu_shares": "0",
                            "devices.#": "0",
                            "dns.#": "0",
                            "dns_opts.#": "0",
                            "dns_search.#": "0",
                            "domainname": "",
                            "entrypoint.#": "1",
                            "entrypoint.0": "docker-entrypoint.sh",
                            "env.#": "13",
                            "env.152749189": "GHOST_CLI_VERSION=1.13.1",
                            "env.1827816": "PATH=/usr/local/sbin:/usr/local/bin:/usr/sbin:/usr/bin:/sbin:/bin",
                            "env.1834585415": "NODE_ENV=production",
                            "env.2089572940": "YARN_VERSION=1.22.0",
                            "env.2198158774": "GHOST_VERSION=3.8.0",
                            "env.2388452163": "GHOST_INSTALL=/var/lib/ghost",
                            "env.286725789": "database__connection__user=root",
                            "env.2975949015": "database__client=mysql",
                            "env.3083349939": "database__connection__password=P4sSw0rd0!",
                            "env.3457303461": "database__connection__host=db",
                            "env.3760825227": "database__connection__database=ghost",
                            "env.3819650523": "GHOST_CONTENT=/var/lib/ghost/content",
                            "env.4188363627": "NODE_VERSION=12.16.1",
                            "gateway": "192.168.80.1",
                            "group_add.#": "0",
                            "host.#": "0",
                            "hostname": "eba6d332e7e8",
                            "id": "eba6d332e7e883ce28fe420b1a124c6dfbe0fba52ab3bf39298810cde3c4bfcc",
                            "image": "sha256:fbfb6a4a53342b4a201769144f9f83685185f74390883fad10a376822a791461",
                            "ip_address": "192.168.80.3",
                            "ip_prefix_length": "20",
                            "ipc_mode": "private",
                            "labels.#": "0",
                            "links.#": "0",
                            "log_driver": "json-file",
                            "log_opts.%": "0",
                            "logs": "false",
                            "max_retry_count": "0",
                            "memory": "0",
                            "memory_swap": "0",
                            "mounts.#": "0",
                            "must_run": "true",
                            "name": "ghost_blog",
                            "network_data.#": "2",
                            "network_data.0.gateway": "192.168.64.1",
                            "network_data.0.ip_address": "192.168.64.2",
                            "network_data.0.ip_prefix_length": "20",
                            "network_data.0.network_name": "public_ghost_network",
                            "network_data.1.gateway": "192.168.80.1",
                            "network_data.1.ip_address": "192.168.80.3",
                            "network_data.1.ip_prefix_length": "20",
                            "network_data.1.network_name": "ghost_mysql_internal",
                            "network_mode": "default",
                            "networks_advanced.#": "2",
                            "networks_advanced.2661868645.aliases.#": "1",
                            "networks_advanced.2661868645.aliases.55808161": "ghost",
                            "networks_advanced.2661868645.ipv4_address": "",
                            "networks_advanced.2661868645.ipv6_address": "",
                            "networks_advanced.2661868645.name": "public_ghost_network",
                            "networks_advanced.3593933736.aliases.#": "1",
                            "networks_advanced.3593933736.aliases.55808161": "ghost",
                            "networks_advanced.3593933736.ipv4_address": "",
                            "networks_advanced.3593933736.ipv6_address": "",
                            "networks_advanced.3593933736.name": "ghost_mysql_internal",
                            "pid_mode": "",
                            "ports.#": "1",
                            "ports.0.external": "8082",
                            "ports.0.internal": "2368",
                            "ports.0.ip": "0.0.0.0",
                            "ports.0.protocol": "tcp",
                            "privileged": "false",
                            "publish_all_ports": "false",
                            "read_only": "false",
                            "restart": "no",
                            "rm": "false",
                            "shm_size": "64",
                            "start": "true",
                            "sysctls.%": "0",
                            "tmpfs.%": "0",
                            "ulimit.#": "0",
                            "user": "",
                            "userns_mode": "",
                            "working_dir": "/var/lib/ghost"
                        },
                        "meta": {
                            "schema_version": "2"
                        },
                        "tainted": false
                    },
                    "deposed": [],
                    "provider": "provider.docker"
                },
                "docker_container.mysql_container": {
                    "type": "docker_container",
                    "depends_on": [
                        "docker_image.mysql_image",
                        "docker_network.private_bridge_network"
                    ],
                    "primary": {
                        "id": "346d7f914f461019071a30d9b00a0cf334ab855ec51226332e696e0e8ed47901",
                        "attributes": {
                            "attach": "false",
                            "bridge": "",
                            "command.#": "1",
                            "command.0": "mysqld",
                            "cpu_set": "",
                            "cpu_shares": "0",
                            "devices.#": "0",
                            "dns.#": "0",
                            "dns_opts.#": "0",
                            "dns_search.#": "0",
                            "domainname": "",
                            "entrypoint.#": "1",
                            "entrypoint.0": "docker-entrypoint.sh",
                            "env.#": "5",
                            "env.1014094563": "MYSQL_VERSION=5.7.29-1debian9",
                            "env.1827816": "PATH=/usr/local/sbin:/usr/local/bin:/usr/sbin:/usr/bin:/sbin:/bin",
                            "env.1963307837": "MYSQL_ROOT_PASSWORD=P4sSw0rd0!",
                            "env.2482403830": "GOSU_VERSION=1.7",
                            "env.3938428504": "MYSQL_MAJOR=5.7",
                            "gateway": "192.168.80.1",
                            "group_add.#": "0",
                            "host.#": "0",
                            "hostname": "346d7f914f46",
                            "id": "346d7f914f461019071a30d9b00a0cf334ab855ec51226332e696e0e8ed47901",
                            "image": "sha256:4d1bf91a2e39fa905cac5760f848bca9a6b36b1b76f59267480ea9b7682fa0b8",
                            "ip_address": "192.168.80.2",
                            "ip_prefix_length": "20",
                            "ipc_mode": "private",
                            "labels.#": "0",
                            "links.#": "0",
                            "log_driver": "json-file",
                            "log_opts.%": "0",
                            "logs": "false",
                            "max_retry_count": "0",
                            "memory": "0",
                            "memory_swap": "0",
                            "mounts.#": "0",
                            "must_run": "true",
                            "name": "ghost_database",
                            "network_data.#": "1",
                            "network_data.0.gateway": "192.168.80.1",
                            "network_data.0.ip_address": "192.168.80.2",
                            "network_data.0.ip_prefix_length": "20",
                            "network_data.0.network_name": "ghost_mysql_internal",
                            "network_mode": "default",
                            "networks_advanced.#": "1",
                            "networks_advanced.2205594070.aliases.#": "1",
                            "networks_advanced.2205594070.aliases.3824466984": "db",
                            "networks_advanced.2205594070.ipv4_address": "",
                            "networks_advanced.2205594070.ipv6_address": "",
                            "networks_advanced.2205594070.name": "ghost_mysql_internal",
                            "pid_mode": "",
                            "ports.#": "0",
                            "privileged": "false",
                            "publish_all_ports": "false",
                            "read_only": "false",
                            "restart": "no",
                            "rm": "false",
                            "shm_size": "64",
                            "start": "true",
                            "sysctls.%": "0",
                            "tmpfs.%": "0",
                            "ulimit.#": "0",
                            "user": "",
                            "userns_mode": "",
                            "working_dir": ""
                        },
                        "meta": {
                            "schema_version": "2"
                        },
                        "tainted": false
                    },
                    "deposed": [],
                    "provider": "provider.docker"
                },
                "docker_image.ghost_image": {
                    "type": "docker_image",
                    "depends_on": [],
                    "primary": {
                        "id": "sha256:fbfb6a4a53342b4a201769144f9f83685185f74390883fad10a376822a791461ghost:alpine",
                        "attributes": {
                            "id": "sha256:fbfb6a4a53342b4a201769144f9f83685185f74390883fad10a376822a791461ghost:alpine",
                            "latest": "sha256:fbfb6a4a53342b4a201769144f9f83685185f74390883fad10a376822a791461",
                            "name": "ghost:alpine"
                        },
                        "meta": {},
                        "tainted": false
                    },
                    "deposed": [],
                    "provider": "provider.docker"
                },
                "docker_image.mysql_image": {
                    "type": "docker_image",
                    "depends_on": [],
                    "primary": {
                        "id": "sha256:4d1bf91a2e39fa905cac5760f848bca9a6b36b1b76f59267480ea9b7682fa0b8mysql:5.7",
                        "attributes": {
                            "id": "sha256:4d1bf91a2e39fa905cac5760f848bca9a6b36b1b76f59267480ea9b7682fa0b8mysql:5.7",
                            "latest": "sha256:4d1bf91a2e39fa905cac5760f848bca9a6b36b1b76f59267480ea9b7682fa0b8",
                            "name": "mysql:5.7"
                        },
                        "meta": {},
                        "tainted": false
                    },
                    "deposed": [],
                    "provider": "provider.docker"
                },
                "docker_network.private_bridge_network": {
                    "type": "docker_network",
                    "depends_on": [],
                    "primary": {
                        "id": "eae07fa6099a6b811aa83871c3444c4d6db878e46ef2f1f6081d4cac7a4974c1",
                        "attributes": {
                            "attachable": "false",
                            "driver": "bridge",
                            "id": "eae07fa6099a6b811aa83871c3444c4d6db878e46ef2f1f6081d4cac7a4974c1",
                            "ingress": "false",
                            "internal": "true",
                            "ipam_config.#": "1",
                            "ipam_config.2513744486.aux_address.%": "0",
                            "ipam_config.2513744486.gateway": "192.168.80.1",
                            "ipam_config.2513744486.ip_range": "",
                            "ipam_config.2513744486.subnet": "192.168.80.0/20",
                            "ipam_driver": "default",
                            "ipv6": "false",
                            "labels.#": "0",
                            "name": "ghost_mysql_internal",
                            "options.%": "0",
                            "scope": "local"
                        },
                        "meta": {
                            "schema_version": "1"
                        },
                        "tainted": false
                    },
                    "deposed": [],
                    "provider": "provider.docker"
                },
                "docker_network.public_bridge_network": {
                    "type": "docker_network",
                    "depends_on": [],
                    "primary": {
                        "id": "5bf536b35a6634f06e22736c2516298cbdfbda994d887ace8acd9035337990ab",
                        "attributes": {
                            "attachable": "false",
                            "driver": "bridge",
                            "id": "5bf536b35a6634f06e22736c2516298cbdfbda994d887ace8acd9035337990ab",
                            "ingress": "false",
                            "internal": "false",
                            "ipam_config.#": "1",
                            "ipam_config.921905312.aux_address.%": "0",
                            "ipam_config.921905312.gateway": "192.168.64.1",
                            "ipam_config.921905312.ip_range": "",
                            "ipam_config.921905312.subnet": "192.168.64.0/20",
                            "ipam_driver": "default",
                            "ipv6": "false",
                            "labels.#": "0",
                            "name": "public_ghost_network",
                            "options.%": "0",
                            "scope": "local"
                        },
                        "meta": {
                            "schema_version": "1"
                        },
                        "tainted": false
                    },
                    "deposed": [],
                    "provider": "provider.docker"
                },
                "null_resource.sleep": {
                    "type": "null_resource",
                    "depends_on": [
                        "docker_container.mysql_container"
                    ],
                    "primary": {
                        "id": "1046349911327444595",
                        "attributes": {
                            "id": "1046349911327444595"
                        },
                        "meta": {},
                        "tainted": false
                    },
                    "deposed": [],
                    "provider": "provider.null"
                }
            },
            "depends_on": []
        }
    ]
}
