{
    "version": 3,
    "terraform_version": "0.11.13",
    "serial": 18,
    "lineage": "0e1358c8-adc7-54d8-0e14-3980f356531c",
    "modules": [
        {
            "path": [
                "root"
            ],
            "outputs": {
                "Bucket Name": {
                    "sensitive": false,
                    "type": "string",
                    "value": "la-terraform-8860"
                },
                "Public Instance IDs": {
                    "sensitive": false,
                    "type": "string",
                    "value": "i-09c7c46eec8d4c7af, i-08ae296e5837cfd3f"
                },
                "Public Instance IPs": {
                    "sensitive": false,
                    "type": "string",
                    "value": "3.228.1.133, 18.204.209.195"
                },
                "Public Security Group": {
                    "sensitive": false,
                    "type": "string",
                    "value": "sg-0012fd50eaf5996ac"
                },
                "Public Subnets": {
                    "sensitive": false,
                    "type": "string",
                    "value": "subnet-0b03d4af2068fd474, subnet-00e508448ddac18a9"
                },
                "Subnet IPs": {
                    "sensitive": false,
                    "type": "string",
                    "value": "10.123.1.0/24, 10.123.2.0/24"
                }
            },
            "resources": {},
            "depends_on": []
        },
        {
            "path": [
                "root",
                "compute"
            ],
            "outputs": {
                "server_id": {
                    "sensitive": false,
                    "type": "string",
                    "value": "i-09c7c46eec8d4c7af, i-08ae296e5837cfd3f"
                },
                "server_ip": {
                    "sensitive": false,
                    "type": "string",
                    "value": "3.228.1.133, 18.204.209.195"
                }
            },
            "resources": {
                "aws_instance.tf_server.0": {
                    "type": "aws_instance",
                    "depends_on": [
                        "aws_key_pair.tf_auth",
                        "data.aws_ami.server_ami",
                        "data.template_file.user-init.*"
                    ],
                    "primary": {
                        "id": "i-09c7c46eec8d4c7af",
                        "attributes": {
                            "ami": "ami-0e2ff28bfb72a4e45",
                            "arn": "arn:aws:ec2:us-east-1:373973995918:instance/i-09c7c46eec8d4c7af",
                            "associate_public_ip_address": "true",
                            "availability_zone": "us-east-1a",
                            "cpu_core_count": "1",
                            "cpu_threads_per_core": "1",
                            "credit_specification.#": "1",
                            "credit_specification.0.cpu_credits": "standard",
                            "disable_api_termination": "false",
                            "ebs_block_device.#": "0",
                            "ebs_optimized": "false",
                            "ephemeral_block_device.#": "0",
                            "get_password_data": "false",
                            "hibernation": "false",
                            "iam_instance_profile": "",
                            "id": "i-09c7c46eec8d4c7af",
                            "instance_state": "running",
                            "instance_type": "t2.micro",
                            "ipv6_address_count": "0",
                            "ipv6_addresses.#": "0",
                            "key_name": "tf_key",
                            "monitoring": "false",
                            "network_interface.#": "0",
                            "password_data": "",
                            "placement_group": "",
                            "primary_network_interface_id": "eni-0d586f046e656f4c0",
                            "private_dns": "ip-10-123-1-116.ec2.internal",
                            "private_ip": "10.123.1.116",
                            "public_dns": "ec2-3-228-1-133.compute-1.amazonaws.com",
                            "public_ip": "3.228.1.133",
                            "root_block_device.#": "1",
                            "root_block_device.0.delete_on_termination": "true",
                            "root_block_device.0.encrypted": "true",
                            "root_block_device.0.iops": "100",
                            "root_block_device.0.kms_key_id": "arn:aws:kms:us-east-1:373973995918:key/429f038d-b331-4d19-b557-72dadc4b1244",
                            "root_block_device.0.volume_id": "vol-01668fdeb8bbff7fe",
                            "root_block_device.0.volume_size": "8",
                            "root_block_device.0.volume_type": "gp2",
                            "security_groups.#": "0",
                            "source_dest_check": "true",
                            "subnet_id": "subnet-0b03d4af2068fd474",
                            "tags.%": "1",
                            "tags.Name": "tf_server-1",
                            "tenancy": "default",
                            "user_data": "6b8e622fe45e1a2c99316744d1c8123f300b2f6e",
                            "volume_tags.%": "0",
                            "vpc_security_group_ids.#": "1",
                            "vpc_security_group_ids.3165576688": "sg-0012fd50eaf5996ac"
                        },
                        "meta": {
                            "e2bfb730-ecaa-11e6-8f88-34363bc7c4c0": {
                                "create": 600000000000,
                                "delete": 1200000000000,
                                "update": 600000000000
                            },
                            "schema_version": "1"
                        },
                        "tainted": false
                    },
                    "deposed": [],
                    "provider": "provider.aws"
                },
                "aws_instance.tf_server.1": {
                    "type": "aws_instance",
                    "depends_on": [
                        "aws_key_pair.tf_auth",
                        "data.aws_ami.server_ami",
                        "data.template_file.user-init.*"
                    ],
                    "primary": {
                        "id": "i-08ae296e5837cfd3f",
                        "attributes": {
                            "ami": "ami-0e2ff28bfb72a4e45",
                            "arn": "arn:aws:ec2:us-east-1:373973995918:instance/i-08ae296e5837cfd3f",
                            "associate_public_ip_address": "true",
                            "availability_zone": "us-east-1b",
                            "cpu_core_count": "1",
                            "cpu_threads_per_core": "1",
                            "credit_specification.#": "1",
                            "credit_specification.0.cpu_credits": "standard",
                            "disable_api_termination": "false",
                            "ebs_block_device.#": "0",
                            "ebs_optimized": "false",
                            "ephemeral_block_device.#": "0",
                            "get_password_data": "false",
                            "hibernation": "false",
                            "iam_instance_profile": "",
                            "id": "i-08ae296e5837cfd3f",
                            "instance_state": "running",
                            "instance_type": "t2.micro",
                            "ipv6_address_count": "0",
                            "ipv6_addresses.#": "0",
                            "key_name": "tf_key",
                            "monitoring": "false",
                            "network_interface.#": "0",
                            "password_data": "",
                            "placement_group": "",
                            "primary_network_interface_id": "eni-009f1c0884bcfca38",
                            "private_dns": "ip-10-123-2-149.ec2.internal",
                            "private_ip": "10.123.2.149",
                            "public_dns": "ec2-18-204-209-195.compute-1.amazonaws.com",
                            "public_ip": "18.204.209.195",
                            "root_block_device.#": "1",
                            "root_block_device.0.delete_on_termination": "true",
                            "root_block_device.0.encrypted": "true",
                            "root_block_device.0.iops": "100",
                            "root_block_device.0.kms_key_id": "arn:aws:kms:us-east-1:373973995918:key/429f038d-b331-4d19-b557-72dadc4b1244",
                            "root_block_device.0.volume_id": "vol-008a69afa6419e6e6",
                            "root_block_device.0.volume_size": "8",
                            "root_block_device.0.volume_type": "gp2",
                            "security_groups.#": "0",
                            "source_dest_check": "true",
                            "subnet_id": "subnet-00e508448ddac18a9",
                            "tags.%": "1",
                            "tags.Name": "tf_server-2",
                            "tenancy": "default",
                            "user_data": "3a450a75a38b21a1e8f1a1f315f87276b15dbfbd",
                            "volume_tags.%": "0",
                            "vpc_security_group_ids.#": "1",
                            "vpc_security_group_ids.3165576688": "sg-0012fd50eaf5996ac"
                        },
                        "meta": {
                            "e2bfb730-ecaa-11e6-8f88-34363bc7c4c0": {
                                "create": 600000000000,
                                "delete": 1200000000000,
                                "update": 600000000000
                            },
                            "schema_version": "1"
                        },
                        "tainted": false
                    },
                    "deposed": [],
                    "provider": "provider.aws"
                },
                "aws_key_pair.tf_auth": {
                    "type": "aws_key_pair",
                    "depends_on": [],
                    "primary": {
                        "id": "tf_key",
                        "attributes": {
                            "fingerprint": "23:e3:fc:b3:f8:92:55:15:b4:bc:2d:b9:64:54:02:c0",
                            "id": "tf_key",
                            "key_name": "tf_key",
                            "key_pair_id": "key-047ef1497b26a92ad",
                            "public_key": "ssh-rsa AAAAB3NzaC1yc2EAAAADAQABAAABAQDLcwQfXgYuUQgBic/O89oU8W2neAYsFIahXvjgIIzbNGC9C9BDYKUTFmybQl67B+OwTPNiL0zOem7PqPV1e6GhHkYcUlAKuZGY4rcT8h1SVl3VHbknqyfuvsWvvncq6RrbsJ2Cx8XdrikIxFO5BAab76toX9B4mkGWW5VZqMhs/swVy5n1gU1zguG6oUunK3Aqc/ctWqOXH/U3falJqQGFuYNhrrBaFQVt6KY52eqp3agvOSKgn/RAotX/+aobbpfxhh9aUHops1hcDYBVHfg5rtZ/l14NszXIAhEpGJHB97UN19G6JWnLFu7MfTYo7brFND1B4MEcvdLolOgJIpRL root@alex529b1c.mylabserver.com",
                            "tags.%": "0"
                        },
                        "meta": {
                            "schema_version": "1"
                        },
                        "tainted": false
                    },
                    "deposed": [],
                    "provider": "provider.aws"
                },
                "data.aws_ami.server_ami": {
                    "type": "aws_ami",
                    "depends_on": [],
                    "primary": {
                        "id": "ami-0e2ff28bfb72a4e45",
                        "attributes": {
                            "architecture": "x86_64",
                            "block_device_mappings.#": "1",
                            "block_device_mappings.340275815.device_name": "/dev/xvda",
                            "block_device_mappings.340275815.ebs.%": "6",
                            "block_device_mappings.340275815.ebs.delete_on_termination": "true",
                            "block_device_mappings.340275815.ebs.encrypted": "false",
                            "block_device_mappings.340275815.ebs.iops": "0",
                            "block_device_mappings.340275815.ebs.snapshot_id": "snap-0002e9311bd3cfc4e",
                            "block_device_mappings.340275815.ebs.volume_size": "8",
                            "block_device_mappings.340275815.ebs.volume_type": "gp2",
                            "block_device_mappings.340275815.no_device": "",
                            "block_device_mappings.340275815.virtual_name": "",
                            "creation_date": "2020-02-08T01:22:05.000Z",
                            "description": "Amazon Linux AMI 2018.03.0.20200206.0 x86_64 HVM gp2",
                            "filter.#": "1",
                            "filter.2898439165.name": "name",
                            "filter.2898439165.values.#": "1",
                            "filter.2898439165.values.0": "amzn-ami-hvm*-x86_64-gp2",
                            "hypervisor": "xen",
                            "id": "ami-0e2ff28bfb72a4e45",
                            "image_id": "ami-0e2ff28bfb72a4e45",
                            "image_location": "amazon/amzn-ami-hvm-2018.03.0.20200206.0-x86_64-gp2",
                            "image_owner_alias": "amazon",
                            "image_type": "machine",
                            "most_recent": "true",
                            "name": "amzn-ami-hvm-2018.03.0.20200206.0-x86_64-gp2",
                            "owner_id": "137112412989",
                            "owners.#": "1",
                            "owners.0": "amazon",
                            "product_codes.#": "0",
                            "public": "true",
                            "root_device_name": "/dev/xvda",
                            "root_device_type": "ebs",
                            "root_snapshot_id": "snap-0002e9311bd3cfc4e",
                            "sriov_net_support": "simple",
                            "state": "available",
                            "state_reason.%": "2",
                            "state_reason.code": "UNSET",
                            "state_reason.message": "UNSET",
                            "tags.%": "0",
                            "virtualization_type": "hvm"
                        },
                        "meta": {},
                        "tainted": false
                    },
                    "deposed": [],
                    "provider": "provider.aws"
                },
                "data.template_file.user-init.0": {
                    "type": "template_file",
                    "depends_on": [],
                    "primary": {
                        "id": "68135f2dc73f64eb7dbc4cbacd2a70d8cbfa9fea60b5be92d53355090924a3d1",
                        "attributes": {
                            "id": "68135f2dc73f64eb7dbc4cbacd2a70d8cbfa9fea60b5be92d53355090924a3d1",
                            "rendered": "#!/bin/bash\nsudo yum install httpd -y\necho \"subnet for Firewall: 10.123.1.0/24\" \u003e\u003e /var/www/html/index.html\nsudo service httpd start\nsudo chkconfig httpd on\n",
                            "template": "#!/bin/bash\nsudo yum install httpd -y\necho \"subnet for Firewall: ${firewall_subnets}\" \u003e\u003e /var/www/html/index.html\nsudo service httpd start\nsudo chkconfig httpd on\n",
                            "vars.%": "1",
                            "vars.firewall_subnets": "10.123.1.0/24"
                        },
                        "meta": {},
                        "tainted": false
                    },
                    "deposed": [],
                    "provider": "provider.template"
                },
                "data.template_file.user-init.1": {
                    "type": "template_file",
                    "depends_on": [],
                    "primary": {
                        "id": "da779c65c7708029ef608ef2c6fd76c1e864d2ec0ddf765f5aa9543a1e99c8d9",
                        "attributes": {
                            "id": "da779c65c7708029ef608ef2c6fd76c1e864d2ec0ddf765f5aa9543a1e99c8d9",
                            "rendered": "#!/bin/bash\nsudo yum install httpd -y\necho \"subnet for Firewall: 10.123.2.0/24\" \u003e\u003e /var/www/html/index.html\nsudo service httpd start\nsudo chkconfig httpd on\n",
                            "template": "#!/bin/bash\nsudo yum install httpd -y\necho \"subnet for Firewall: ${firewall_subnets}\" \u003e\u003e /var/www/html/index.html\nsudo service httpd start\nsudo chkconfig httpd on\n",
                            "vars.%": "1",
                            "vars.firewall_subnets": "10.123.2.0/24"
                        },
                        "meta": {},
                        "tainted": false
                    },
                    "deposed": [],
                    "provider": "provider.template"
                }
            },
            "depends_on": []
        },
        {
            "path": [
                "root",
                "networking"
            ],
            "outputs": {
                "public_sg": {
                    "sensitive": false,
                    "type": "string",
                    "value": "sg-0012fd50eaf5996ac"
                },
                "public_subnets": {
                    "sensitive": false,
                    "type": "list",
                    "value": [
                        "subnet-0b03d4af2068fd474",
                        "subnet-00e508448ddac18a9"
                    ]
                },
                "subnet_ips": {
                    "sensitive": false,
                    "type": "list",
                    "value": [
                        "10.123.1.0/24",
                        "10.123.2.0/24"
                    ]
                }
            },
            "resources": {
                "aws_default_route_table.tf_private_rt": {
                    "type": "aws_default_route_table",
                    "depends_on": [
                        "aws_vpc.tf_vpc"
                    ],
                    "primary": {
                        "id": "rtb-082807d7691e6a322",
                        "attributes": {
                            "default_route_table_id": "rtb-082807d7691e6a322",
                            "id": "rtb-082807d7691e6a322",
                            "owner_id": "373973995918",
                            "propagating_vgws.#": "0",
                            "route.#": "0",
                            "tags.%": "1",
                            "tags.Name": "tf_private",
                            "vpc_id": "vpc-020506702e180d347"
                        },
                        "meta": {},
                        "tainted": false
                    },
                    "deposed": [],
                    "provider": "provider.aws"
                },
                "aws_internet_gateway.tf_internet_gateway": {
                    "type": "aws_internet_gateway",
                    "depends_on": [
                        "aws_vpc.tf_vpc"
                    ],
                    "primary": {
                        "id": "igw-01bfc48dd7ec39fb7",
                        "attributes": {
                            "id": "igw-01bfc48dd7ec39fb7",
                            "owner_id": "373973995918",
                            "tags.%": "1",
                            "tags.Name": "tf_igw",
                            "vpc_id": "vpc-020506702e180d347"
                        },
                        "meta": {},
                        "tainted": false
                    },
                    "deposed": [],
                    "provider": "provider.aws"
                },
                "aws_route_table.tf_public_rt": {
                    "type": "aws_route_table",
                    "depends_on": [
                        "aws_internet_gateway.tf_internet_gateway",
                        "aws_vpc.tf_vpc"
                    ],
                    "primary": {
                        "id": "rtb-02ef4bc54c90768ac",
                        "attributes": {
                            "id": "rtb-02ef4bc54c90768ac",
                            "owner_id": "373973995918",
                            "propagating_vgws.#": "0",
                            "route.#": "1",
                            "route.1686466340.cidr_block": "0.0.0.0/0",
                            "route.1686466340.egress_only_gateway_id": "",
                            "route.1686466340.gateway_id": "igw-01bfc48dd7ec39fb7",
                            "route.1686466340.instance_id": "",
                            "route.1686466340.ipv6_cidr_block": "",
                            "route.1686466340.nat_gateway_id": "",
                            "route.1686466340.network_interface_id": "",
                            "route.1686466340.transit_gateway_id": "",
                            "route.1686466340.vpc_peering_connection_id": "",
                            "tags.%": "1",
                            "tags.Name": "tf_public",
                            "vpc_id": "vpc-020506702e180d347"
                        },
                        "meta": {},
                        "tainted": false
                    },
                    "deposed": [],
                    "provider": "provider.aws"
                },
                "aws_route_table_association.tf_public_assoc.0": {
                    "type": "aws_route_table_association",
                    "depends_on": [
                        "aws_route_table.tf_public_rt",
                        "aws_subnet.tf_public_subnet",
                        "aws_subnet.tf_public_subnet.*"
                    ],
                    "primary": {
                        "id": "rtbassoc-0353a0e77b4f4e593",
                        "attributes": {
                            "id": "rtbassoc-0353a0e77b4f4e593",
                            "route_table_id": "rtb-02ef4bc54c90768ac",
                            "subnet_id": "subnet-0b03d4af2068fd474"
                        },
                        "meta": {},
                        "tainted": false
                    },
                    "deposed": [],
                    "provider": "provider.aws"
                },
                "aws_route_table_association.tf_public_assoc.1": {
                    "type": "aws_route_table_association",
                    "depends_on": [
                        "aws_route_table.tf_public_rt",
                        "aws_subnet.tf_public_subnet",
                        "aws_subnet.tf_public_subnet.*"
                    ],
                    "primary": {
                        "id": "rtbassoc-094c8c038a5f47f32",
                        "attributes": {
                            "id": "rtbassoc-094c8c038a5f47f32",
                            "route_table_id": "rtb-02ef4bc54c90768ac",
                            "subnet_id": "subnet-00e508448ddac18a9"
                        },
                        "meta": {},
                        "tainted": false
                    },
                    "deposed": [],
                    "provider": "provider.aws"
                },
                "aws_security_group.tf_public_sg": {
                    "type": "aws_security_group",
                    "depends_on": [
                        "aws_vpc.tf_vpc"
                    ],
                    "primary": {
                        "id": "sg-0012fd50eaf5996ac",
                        "attributes": {
                            "arn": "arn:aws:ec2:us-east-1:373973995918:security-group/sg-0012fd50eaf5996ac",
                            "description": "Used for access to the public instances",
                            "egress.#": "1",
                            "egress.482069346.cidr_blocks.#": "1",
                            "egress.482069346.cidr_blocks.0": "0.0.0.0/0",
                            "egress.482069346.description": "",
                            "egress.482069346.from_port": "0",
                            "egress.482069346.ipv6_cidr_blocks.#": "0",
                            "egress.482069346.prefix_list_ids.#": "0",
                            "egress.482069346.protocol": "-1",
                            "egress.482069346.security_groups.#": "0",
                            "egress.482069346.self": "false",
                            "egress.482069346.to_port": "0",
                            "id": "sg-0012fd50eaf5996ac",
                            "ingress.#": "2",
                            "ingress.2214680975.cidr_blocks.#": "1",
                            "ingress.2214680975.cidr_blocks.0": "0.0.0.0/0",
                            "ingress.2214680975.description": "",
                            "ingress.2214680975.from_port": "80",
                            "ingress.2214680975.ipv6_cidr_blocks.#": "0",
                            "ingress.2214680975.prefix_list_ids.#": "0",
                            "ingress.2214680975.protocol": "tcp",
                            "ingress.2214680975.security_groups.#": "0",
                            "ingress.2214680975.self": "false",
                            "ingress.2214680975.to_port": "80",
                            "ingress.2541437006.cidr_blocks.#": "1",
                            "ingress.2541437006.cidr_blocks.0": "0.0.0.0/0",
                            "ingress.2541437006.description": "",
                            "ingress.2541437006.from_port": "22",
                            "ingress.2541437006.ipv6_cidr_blocks.#": "0",
                            "ingress.2541437006.prefix_list_ids.#": "0",
                            "ingress.2541437006.protocol": "tcp",
                            "ingress.2541437006.security_groups.#": "0",
                            "ingress.2541437006.self": "false",
                            "ingress.2541437006.to_port": "22",
                            "name": "tf_public_sg",
                            "owner_id": "373973995918",
                            "revoke_rules_on_delete": "false",
                            "tags.%": "0",
                            "vpc_id": "vpc-020506702e180d347"
                        },
                        "meta": {
                            "e2bfb730-ecaa-11e6-8f88-34363bc7c4c0": {
                                "create": 600000000000,
                                "delete": 600000000000
                            },
                            "schema_version": "1"
                        },
                        "tainted": false
                    },
                    "deposed": [],
                    "provider": "provider.aws"
                },
                "aws_subnet.tf_public_subnet.0": {
                    "type": "aws_subnet",
                    "depends_on": [
                        "aws_vpc.tf_vpc",
                        "data.aws_availability_zones.available"
                    ],
                    "primary": {
                        "id": "subnet-0b03d4af2068fd474",
                        "attributes": {
                            "arn": "arn:aws:ec2:us-east-1:373973995918:subnet/subnet-0b03d4af2068fd474",
                            "assign_ipv6_address_on_creation": "false",
                            "availability_zone": "us-east-1a",
                            "availability_zone_id": "use1-az1",
                            "cidr_block": "10.123.1.0/24",
                            "id": "subnet-0b03d4af2068fd474",
                            "ipv6_cidr_block": "",
                            "ipv6_cidr_block_association_id": "",
                            "map_public_ip_on_launch": "true",
                            "owner_id": "373973995918",
                            "tags.%": "1",
                            "tags.Name": "tf_public_1",
                            "vpc_id": "vpc-020506702e180d347"
                        },
                        "meta": {
                            "e2bfb730-ecaa-11e6-8f88-34363bc7c4c0": {
                                "create": 600000000000,
                                "delete": 1200000000000
                            },
                            "schema_version": "1"
                        },
                        "tainted": false
                    },
                    "deposed": [],
                    "provider": "provider.aws"
                },
                "aws_subnet.tf_public_subnet.1": {
                    "type": "aws_subnet",
                    "depends_on": [
                        "aws_vpc.tf_vpc",
                        "data.aws_availability_zones.available"
                    ],
                    "primary": {
                        "id": "subnet-00e508448ddac18a9",
                        "attributes": {
                            "arn": "arn:aws:ec2:us-east-1:373973995918:subnet/subnet-00e508448ddac18a9",
                            "assign_ipv6_address_on_creation": "false",
                            "availability_zone": "us-east-1b",
                            "availability_zone_id": "use1-az2",
                            "cidr_block": "10.123.2.0/24",
                            "id": "subnet-00e508448ddac18a9",
                            "ipv6_cidr_block": "",
                            "ipv6_cidr_block_association_id": "",
                            "map_public_ip_on_launch": "true",
                            "owner_id": "373973995918",
                            "tags.%": "1",
                            "tags.Name": "tf_public_2",
                            "vpc_id": "vpc-020506702e180d347"
                        },
                        "meta": {
                            "e2bfb730-ecaa-11e6-8f88-34363bc7c4c0": {
                                "create": 600000000000,
                                "delete": 1200000000000
                            },
                            "schema_version": "1"
                        },
                        "tainted": false
                    },
                    "deposed": [],
                    "provider": "provider.aws"
                },
                "aws_vpc.tf_vpc": {
                    "type": "aws_vpc",
                    "depends_on": [],
                    "primary": {
                        "id": "vpc-020506702e180d347",
                        "attributes": {
                            "arn": "arn:aws:ec2:us-east-1:373973995918:vpc/vpc-020506702e180d347",
                            "assign_generated_ipv6_cidr_block": "false",
                            "cidr_block": "10.123.0.0/16",
                            "default_network_acl_id": "acl-0548bf1eaa85384c7",
                            "default_route_table_id": "rtb-082807d7691e6a322",
                            "default_security_group_id": "sg-039b42c8ca1742600",
                            "dhcp_options_id": "dopt-06a0b94c6ad303d35",
                            "enable_classiclink": "false",
                            "enable_classiclink_dns_support": "false",
                            "enable_dns_hostnames": "true",
                            "enable_dns_support": "true",
                            "id": "vpc-020506702e180d347",
                            "instance_tenancy": "default",
                            "ipv6_association_id": "",
                            "ipv6_cidr_block": "",
                            "main_route_table_id": "rtb-082807d7691e6a322",
                            "owner_id": "373973995918",
                            "tags.%": "1",
                            "tags.Name": "tf_vpc"
                        },
                        "meta": {
                            "schema_version": "1"
                        },
                        "tainted": false
                    },
                    "deposed": [],
                    "provider": "provider.aws"
                },
                "data.aws_availability_zones.available": {
                    "type": "aws_availability_zones",
                    "depends_on": [],
                    "primary": {
                        "id": "2020-03-10 22:08:23.070012768 +0000 UTC",
                        "attributes": {
                            "id": "2020-03-10 22:08:23.070012768 +0000 UTC",
                            "names.#": "6",
                            "names.0": "us-east-1a",
                            "names.1": "us-east-1b",
                            "names.2": "us-east-1c",
                            "names.3": "us-east-1d",
                            "names.4": "us-east-1e",
                            "names.5": "us-east-1f",
                            "zone_ids.#": "6",
                            "zone_ids.0": "use1-az1",
                            "zone_ids.1": "use1-az2",
                            "zone_ids.2": "use1-az4",
                            "zone_ids.3": "use1-az6",
                            "zone_ids.4": "use1-az3",
                            "zone_ids.5": "use1-az5"
                        },
                        "meta": {},
                        "tainted": false
                    },
                    "deposed": [],
                    "provider": "provider.aws"
                }
            },
            "depends_on": []
        },
        {
            "path": [
                "root",
                "storage"
            ],
            "outputs": {
                "bucketname": {
                    "sensitive": false,
                    "type": "string",
                    "value": "la-terraform-8860"
                }
            },
            "resources": {
                "aws_s3_bucket.tf_code": {
                    "type": "aws_s3_bucket",
                    "depends_on": [
                        "random_id.tf_bucket_id"
                    ],
                    "primary": {
                        "id": "la-terraform-8860",
                        "attributes": {
                            "acceleration_status": "",
                            "acl": "private",
                            "arn": "arn:aws:s3:::la-terraform-8860",
                            "bucket": "la-terraform-8860",
                            "bucket_domain_name": "la-terraform-8860.s3.amazonaws.com",
                            "bucket_regional_domain_name": "la-terraform-8860.s3.amazonaws.com",
                            "cors_rule.#": "0",
                            "force_destroy": "true",
                            "hosted_zone_id": "Z3AQBSTGFYJSTF",
                            "id": "la-terraform-8860",
                            "lifecycle_rule.#": "0",
                            "logging.#": "0",
                            "object_lock_configuration.#": "0",
                            "region": "us-east-1",
                            "replication_configuration.#": "0",
                            "request_payer": "BucketOwner",
                            "server_side_encryption_configuration.#": "0",
                            "tags.%": "1",
                            "tags.Name": "tf_bucket",
                            "versioning.#": "1",
                            "versioning.0.enabled": "false",
                            "versioning.0.mfa_delete": "false",
                            "website.#": "0"
                        },
                        "meta": {},
                        "tainted": false
                    },
                    "deposed": [],
                    "provider": "provider.aws"
                },
                "random_id.tf_bucket_id": {
                    "type": "random_id",
                    "depends_on": [],
                    "primary": {
                        "id": "Ipw",
                        "attributes": {
                            "b64": "Ipw",
                            "b64_std": "Ipw=",
                            "b64_url": "Ipw",
                            "byte_length": "2",
                            "dec": "8860",
                            "hex": "229c",
                            "id": "Ipw"
                        },
                        "meta": {},
                        "tainted": false
                    },
                    "deposed": [],
                    "provider": "provider.random"
                }
            },
            "depends_on": []
        }
    ]
}
