{
    "version": 3,
    "terraform_version": "0.11.13",
    "serial": 2,
    "lineage": "e83e6263-1d20-ae2c-43ba-c337e4afe667",
    "modules": [
        {
            "path": [
                "root"
            ],
            "outputs": {},
            "resources": {
                "aws_key_pair.tf_auth": {
                    "type": "aws_key_pair",
                    "depends_on": [],
                    "primary": {
                        "id": "tfkey",
                        "attributes": {
                            "fingerprint": "be:90:6e:a2:10:e9:89:d2:38:b3:3f:52:d8:7b:2c:ae",
                            "id": "tfkey",
                            "key_name": "tfkey",
                            "key_pair_id": "key-097fbfc284d77d150",
                            "public_key": "ssh-rsa AAAAB3NzaC1yc2EAAAADAQABAAABAQC8gBSEy0hNZnZY5mmwWgCr2K/qr52z7LUNDhtVGK7nYXPz4rZxSy4rhA574EyzPKvm91NOGG/IEq+Kmb9eWva2Lb5DQb123WHStgRGsRfuJb5joGMkJTH0eRLsDrFQHFnZvwRQDj9CWWu+wsT88KQZWq/BiEw3ucf6OIfUecbzbKHJiXIEFBKgoHsm4ncERyfgSQLWzCX5T/UFUMe0h18uIbyXseAg/ux+8pxfHzQb2GXI0G3AiaQynWHUAf1hvLYXR0IVjuRMFatZfHgxGQy7f12tpHaVcnTgSYESJITA6bIEWeLd74JV51EN1o2nFq5z2uJK6M4YKbt39jNAsqkn root@alex529b1c.mylabserver.com",
                            "tags.%": "0"
                        },
                        "meta": {
                            "schema_version": "1"
                        },
                        "tainted": false
                    },
                    "deposed": [],
                    "provider": "provider.aws"
                },
                "data.aws_ami.server_ami": {
                    "type": "aws_ami",
                    "depends_on": [],
                    "primary": {
                        "id": "ami-0e2ff28bfb72a4e45",
                        "attributes": {
                            "architecture": "x86_64",
                            "block_device_mappings.#": "1",
                            "block_device_mappings.340275815.device_name": "/dev/xvda",
                            "block_device_mappings.340275815.ebs.%": "6",
                            "block_device_mappings.340275815.ebs.delete_on_termination": "true",
                            "block_device_mappings.340275815.ebs.encrypted": "false",
                            "block_device_mappings.340275815.ebs.iops": "0",
                            "block_device_mappings.340275815.ebs.snapshot_id": "snap-0002e9311bd3cfc4e",
                            "block_device_mappings.340275815.ebs.volume_size": "8",
                            "block_device_mappings.340275815.ebs.volume_type": "gp2",
                            "block_device_mappings.340275815.no_device": "",
                            "block_device_mappings.340275815.virtual_name": "",
                            "creation_date": "2020-02-08T01:22:05.000Z",
                            "description": "Amazon Linux AMI 2018.03.0.20200206.0 x86_64 HVM gp2",
                            "filter.#": "1",
                            "filter.2898439165.name": "name",
                            "filter.2898439165.values.#": "1",
                            "filter.2898439165.values.0": "amzn-ami-hvm*-x86_64-gp2",
                            "hypervisor": "xen",
                            "id": "ami-0e2ff28bfb72a4e45",
                            "image_id": "ami-0e2ff28bfb72a4e45",
                            "image_location": "amazon/amzn-ami-hvm-2018.03.0.20200206.0-x86_64-gp2",
                            "image_owner_alias": "amazon",
                            "image_type": "machine",
                            "most_recent": "true",
                            "name": "amzn-ami-hvm-2018.03.0.20200206.0-x86_64-gp2",
                            "owner_id": "137112412989",
                            "owners.#": "1",
                            "owners.0": "amazon",
                            "product_codes.#": "0",
                            "public": "true",
                            "root_device_name": "/dev/xvda",
                            "root_device_type": "ebs",
                            "root_snapshot_id": "snap-0002e9311bd3cfc4e",
                            "sriov_net_support": "simple",
                            "state": "available",
                            "state_reason.%": "2",
                            "state_reason.code": "UNSET",
                            "state_reason.message": "UNSET",
                            "tags.%": "0",
                            "virtualization_type": "hvm"
                        },
                        "meta": {},
                        "tainted": false
                    },
                    "deposed": [],
                    "provider": "provider.aws"
                }
            },
            "depends_on": []
        }
    ]
}
